// !$*UTF8*$!
{
	archiveVersion = 1;
	classes = {
	};
	objectVersion = 50;
	objects = {

/* Begin PBXBuildFile section */
		361ED8A125758AA10064E7F9 /* CurrencyDisplaySelectionView.swift in Sources */ = {isa = PBXBuildFile; fileRef = 361ED8A025758AA10064E7F9 /* CurrencyDisplaySelectionView.swift */; };
		361ED8A4257593EE0064E7F9 /* CurrencyGraphSectionView.swift in Sources */ = {isa = PBXBuildFile; fileRef = 361ED8A3257593EE0064E7F9 /* CurrencyGraphSectionView.swift */; };
		361ED8A72576789D0064E7F9 /* GraphTimelineSelectionButton.swift in Sources */ = {isa = PBXBuildFile; fileRef = 361ED8A62576789C0064E7F9 /* GraphTimelineSelectionButton.swift */; };
		361ED8AA25768EA70064E7F9 /* CurrencyDetailCollectionView.swift in Sources */ = {isa = PBXBuildFile; fileRef = 361ED8A925768EA70064E7F9 /* CurrencyDetailCollectionView.swift */; };
		361ED8AD25769B2D0064E7F9 /* CurrencyDetailCollectionViewCell.swift in Sources */ = {isa = PBXBuildFile; fileRef = 361ED8AC25769B2C0064E7F9 /* CurrencyDetailCollectionViewCell.swift */; };
		3644062F256FF4B200990D93 /* NotificationPresentationController.swift in Sources */ = {isa = PBXBuildFile; fileRef = 3644062E256FF4B200990D93 /* NotificationPresentationController.swift */; };
		3644063225700EF600990D93 /* NotificationTransitioningDelegate.swift in Sources */ = {isa = PBXBuildFile; fileRef = 3644063125700EF600990D93 /* NotificationTransitioningDelegate.swift */; };
		364406352570552500990D93 /* NotificationAnimatedTransitioning.swift in Sources */ = {isa = PBXBuildFile; fileRef = 364406342570552500990D93 /* NotificationAnimatedTransitioning.swift */; };
		36440638257135F700990D93 /* CryptocurrencyDetailViewController.swift in Sources */ = {isa = PBXBuildFile; fileRef = 36440637257135F700990D93 /* CryptocurrencyDetailViewController.swift */; };
		368E0C782566B182009DF52F /* NotificationTableViewBottomCell.swift in Sources */ = {isa = PBXBuildFile; fileRef = 368E0C772566B181009DF52F /* NotificationTableViewBottomCell.swift */; };
		36A088C02561879500C8B3CA /* CryptocurrencyCollectionViewCell.swift in Sources */ = {isa = PBXBuildFile; fileRef = 36A088BF2561879500C8B3CA /* CryptocurrencyCollectionViewCell.swift */; };
		36A088CC2561B14100C8B3CA /* CryptocurrenciesUICollectionView.swift in Sources */ = {isa = PBXBuildFile; fileRef = 36A088CB2561B14100C8B3CA /* CryptocurrenciesUICollectionView.swift */; };
		36A088D12561D89900C8B3CA /* Constants.swift in Sources */ = {isa = PBXBuildFile; fileRef = 36A088D02561D89900C8B3CA /* Constants.swift */; };
		36A088D62561E77300C8B3CA /* Extentions.swift in Sources */ = {isa = PBXBuildFile; fileRef = 36A088D52561E77300C8B3CA /* Extentions.swift */; };
		36A088DA256334DC00C8B3CA /* NavigationUITabBarViewController.swift in Sources */ = {isa = PBXBuildFile; fileRef = 36A088D9256334DC00C8B3CA /* NavigationUITabBarViewController.swift */; };
		36A088DD25633BD600C8B3CA /* WatchlistViewController.swift in Sources */ = {isa = PBXBuildFile; fileRef = 36A088DC25633BD600C8B3CA /* WatchlistViewController.swift */; };
		36A088E025634B2300C8B3CA /* CustomUITabBarItem.swift in Sources */ = {isa = PBXBuildFile; fileRef = 36A088DF25634B2300C8B3CA /* CustomUITabBarItem.swift */; };
		36A088E325643A9C00C8B3CA /* NotificationsViewController.swift in Sources */ = {isa = PBXBuildFile; fileRef = 36A088E225643A9C00C8B3CA /* NotificationsViewController.swift */; };
		36A088E625644C6000C8B3CA /* ProfileViewController.swift in Sources */ = {isa = PBXBuildFile; fileRef = 36A088E525644C6000C8B3CA /* ProfileViewController.swift */; };
		36A088E925644E0700C8B3CA /* Cryptocurrency.swift in Sources */ = {isa = PBXBuildFile; fileRef = 36A088E825644E0600C8B3CA /* Cryptocurrency.swift */; };
		36A088ED2564502C00C8B3CA /* DataBaseManager.swift in Sources */ = {isa = PBXBuildFile; fileRef = 36A088EC2564502C00C8B3CA /* DataBaseManager.swift */; };
		36A088F52564898200C8B3CA /* PreferenceTextBasedCollectionViewCell.swift in Sources */ = {isa = PBXBuildFile; fileRef = 36A088F42564898200C8B3CA /* PreferenceTextBasedCollectionViewCell.swift */; };
		36A088FD2564920300C8B3CA /* PreferenceTextBased.swift in Sources */ = {isa = PBXBuildFile; fileRef = 36A088FC2564920300C8B3CA /* PreferenceTextBased.swift */; };
		36A089002564938200C8B3CA /* PreferenceSwitchBasedCollectionViewCell.swift in Sources */ = {isa = PBXBuildFile; fileRef = 36A088FF2564938200C8B3CA /* PreferenceSwitchBasedCollectionViewCell.swift */; };
		36A089032564946000C8B3CA /* PreferenceSwitchBased.swift in Sources */ = {isa = PBXBuildFile; fileRef = 36A089022564946000C8B3CA /* PreferenceSwitchBased.swift */; };
		36A0890725657D3800C8B3CA /* PreferenceSelectionViewController.swift in Sources */ = {isa = PBXBuildFile; fileRef = 36A0890625657D3600C8B3CA /* PreferenceSelectionViewController.swift */; };
		36A0890A256585EF00C8B3CA /* PreferenceSelectionCollectionViewCell.swift in Sources */ = {isa = PBXBuildFile; fileRef = 36A08909256585EF00C8B3CA /* PreferenceSelectionCollectionViewCell.swift */; };
		36A089122565A85B00C8B3CA /* NotificationTableViewCell.swift in Sources */ = {isa = PBXBuildFile; fileRef = 36A089112565A85B00C8B3CA /* NotificationTableViewCell.swift */; };
		36A089162565DF0B00C8B3CA /* NotificationTableViewHeaderView.swift in Sources */ = {isa = PBXBuildFile; fileRef = 36A089152565DF0A00C8B3CA /* NotificationTableViewHeaderView.swift */; };
		36B49D3D25683E8B00AC6BC6 /* AddNotificationViewController.swift in Sources */ = {isa = PBXBuildFile; fileRef = 36B49D3C25683E8B00AC6BC6 /* AddNotificationViewController.swift */; };
		36F6258925604F02007EFA32 /* AppDelegate.swift in Sources */ = {isa = PBXBuildFile; fileRef = 36F6258825604F02007EFA32 /* AppDelegate.swift */; };
		36F6258B25604F02007EFA32 /* SceneDelegate.swift in Sources */ = {isa = PBXBuildFile; fileRef = 36F6258A25604F02007EFA32 /* SceneDelegate.swift */; };
		36F6258D25604F02007EFA32 /* CryptocurrenciesViewController.swift in Sources */ = {isa = PBXBuildFile; fileRef = 36F6258C25604F02007EFA32 /* CryptocurrenciesViewController.swift */; };
		36F6259225604F05007EFA32 /* Assets.xcassets in Resources */ = {isa = PBXBuildFile; fileRef = 36F6259125604F05007EFA32 /* Assets.xcassets */; };
		36F6259525604F05007EFA32 /* LaunchScreen.storyboard in Resources */ = {isa = PBXBuildFile; fileRef = 36F6259325604F05007EFA32 /* LaunchScreen.storyboard */; };
/* End PBXBuildFile section */

/* Begin PBXFileReference section */
		361ED8A025758AA10064E7F9 /* CurrencyDisplaySelectionView.swift */ = {isa = PBXFileReference; lastKnownFileType = sourcecode.swift; path = CurrencyDisplaySelectionView.swift; sourceTree = "<group>"; };
		361ED8A3257593EE0064E7F9 /* CurrencyGraphSectionView.swift */ = {isa = PBXFileReference; lastKnownFileType = sourcecode.swift; path = CurrencyGraphSectionView.swift; sourceTree = "<group>"; };
		361ED8A62576789C0064E7F9 /* GraphTimelineSelectionButton.swift */ = {isa = PBXFileReference; lastKnownFileType = sourcecode.swift; path = GraphTimelineSelectionButton.swift; sourceTree = "<group>"; };
		361ED8A925768EA70064E7F9 /* CurrencyDetailCollectionView.swift */ = {isa = PBXFileReference; lastKnownFileType = sourcecode.swift; path = CurrencyDetailCollectionView.swift; sourceTree = "<group>"; };
		361ED8AC25769B2C0064E7F9 /* CurrencyDetailCollectionViewCell.swift */ = {isa = PBXFileReference; lastKnownFileType = sourcecode.swift; path = CurrencyDetailCollectionViewCell.swift; sourceTree = "<group>"; };
		3644062E256FF4B200990D93 /* NotificationPresentationController.swift */ = {isa = PBXFileReference; lastKnownFileType = sourcecode.swift; path = NotificationPresentationController.swift; sourceTree = "<group>"; };
		3644063125700EF600990D93 /* NotificationTransitioningDelegate.swift */ = {isa = PBXFileReference; lastKnownFileType = sourcecode.swift; path = NotificationTransitioningDelegate.swift; sourceTree = "<group>"; };
		364406342570552500990D93 /* NotificationAnimatedTransitioning.swift */ = {isa = PBXFileReference; lastKnownFileType = sourcecode.swift; path = NotificationAnimatedTransitioning.swift; sourceTree = "<group>"; };
		36440637257135F700990D93 /* CryptocurrencyDetailViewController.swift */ = {isa = PBXFileReference; lastKnownFileType = sourcecode.swift; path = CryptocurrencyDetailViewController.swift; sourceTree = "<group>"; };
		368E0C772566B181009DF52F /* NotificationTableViewBottomCell.swift */ = {isa = PBXFileReference; lastKnownFileType = sourcecode.swift; path = NotificationTableViewBottomCell.swift; sourceTree = "<group>"; };
		36A088BF2561879500C8B3CA /* CryptocurrencyCollectionViewCell.swift */ = {isa = PBXFileReference; lastKnownFileType = sourcecode.swift; path = CryptocurrencyCollectionViewCell.swift; sourceTree = "<group>"; };
		36A088CB2561B14100C8B3CA /* CryptocurrenciesUICollectionView.swift */ = {isa = PBXFileReference; fileEncoding = 4; lastKnownFileType = sourcecode.swift; path = CryptocurrenciesUICollectionView.swift; sourceTree = "<group>"; };
		36A088D02561D89900C8B3CA /* Constants.swift */ = {isa = PBXFileReference; lastKnownFileType = sourcecode.swift; name = Constants.swift; path = ../../../../../Downloads/Constants.swift; sourceTree = "<group>"; };
		36A088D52561E77300C8B3CA /* Extentions.swift */ = {isa = PBXFileReference; lastKnownFileType = sourcecode.swift; path = Extentions.swift; sourceTree = "<group>"; };
		36A088D9256334DC00C8B3CA /* NavigationUITabBarViewController.swift */ = {isa = PBXFileReference; lastKnownFileType = sourcecode.swift; path = NavigationUITabBarViewController.swift; sourceTree = "<group>"; };
		36A088DC25633BD600C8B3CA /* WatchlistViewController.swift */ = {isa = PBXFileReference; lastKnownFileType = sourcecode.swift; path = WatchlistViewController.swift; sourceTree = "<group>"; };
		36A088DF25634B2300C8B3CA /* CustomUITabBarItem.swift */ = {isa = PBXFileReference; lastKnownFileType = sourcecode.swift; path = CustomUITabBarItem.swift; sourceTree = "<group>"; };
		36A088E225643A9C00C8B3CA /* NotificationsViewController.swift */ = {isa = PBXFileReference; lastKnownFileType = sourcecode.swift; path = NotificationsViewController.swift; sourceTree = "<group>"; };
		36A088E525644C6000C8B3CA /* ProfileViewController.swift */ = {isa = PBXFileReference; lastKnownFileType = sourcecode.swift; path = ProfileViewController.swift; sourceTree = "<group>"; };
		36A088E825644E0600C8B3CA /* Cryptocurrency.swift */ = {isa = PBXFileReference; lastKnownFileType = sourcecode.swift; path = Cryptocurrency.swift; sourceTree = "<group>"; };
		36A088EC2564502C00C8B3CA /* DataBaseManager.swift */ = {isa = PBXFileReference; lastKnownFileType = sourcecode.swift; path = DataBaseManager.swift; sourceTree = "<group>"; };
		36A088F42564898200C8B3CA /* PreferenceTextBasedCollectionViewCell.swift */ = {isa = PBXFileReference; lastKnownFileType = sourcecode.swift; path = PreferenceTextBasedCollectionViewCell.swift; sourceTree = "<group>"; };
		36A088FC2564920300C8B3CA /* PreferenceTextBased.swift */ = {isa = PBXFileReference; lastKnownFileType = sourcecode.swift; path = PreferenceTextBased.swift; sourceTree = "<group>"; };
		36A088FF2564938200C8B3CA /* PreferenceSwitchBasedCollectionViewCell.swift */ = {isa = PBXFileReference; lastKnownFileType = sourcecode.swift; path = PreferenceSwitchBasedCollectionViewCell.swift; sourceTree = "<group>"; };
		36A089022564946000C8B3CA /* PreferenceSwitchBased.swift */ = {isa = PBXFileReference; lastKnownFileType = sourcecode.swift; path = PreferenceSwitchBased.swift; sourceTree = "<group>"; };
		36A0890625657D3600C8B3CA /* PreferenceSelectionViewController.swift */ = {isa = PBXFileReference; lastKnownFileType = sourcecode.swift; path = PreferenceSelectionViewController.swift; sourceTree = "<group>"; };
		36A08909256585EF00C8B3CA /* PreferenceSelectionCollectionViewCell.swift */ = {isa = PBXFileReference; lastKnownFileType = sourcecode.swift; path = PreferenceSelectionCollectionViewCell.swift; sourceTree = "<group>"; };
		36A089112565A85B00C8B3CA /* NotificationTableViewCell.swift */ = {isa = PBXFileReference; lastKnownFileType = sourcecode.swift; path = NotificationTableViewCell.swift; sourceTree = "<group>"; };
		36A089152565DF0A00C8B3CA /* NotificationTableViewHeaderView.swift */ = {isa = PBXFileReference; lastKnownFileType = sourcecode.swift; path = NotificationTableViewHeaderView.swift; sourceTree = "<group>"; };
		36B49D3C25683E8B00AC6BC6 /* AddNotificationViewController.swift */ = {isa = PBXFileReference; lastKnownFileType = sourcecode.swift; path = AddNotificationViewController.swift; sourceTree = "<group>"; };
		36F6258525604F02007EFA32 /* CryptoChecker.app */ = {isa = PBXFileReference; explicitFileType = wrapper.application; includeInIndex = 0; path = CryptoChecker.app; sourceTree = BUILT_PRODUCTS_DIR; };
		36F6258825604F02007EFA32 /* AppDelegate.swift */ = {isa = PBXFileReference; lastKnownFileType = sourcecode.swift; path = AppDelegate.swift; sourceTree = "<group>"; };
		36F6258A25604F02007EFA32 /* SceneDelegate.swift */ = {isa = PBXFileReference; lastKnownFileType = sourcecode.swift; path = SceneDelegate.swift; sourceTree = "<group>"; };
		36F6258C25604F02007EFA32 /* CryptocurrenciesViewController.swift */ = {isa = PBXFileReference; lastKnownFileType = sourcecode.swift; path = CryptocurrenciesViewController.swift; sourceTree = "<group>"; };
		36F6259125604F05007EFA32 /* Assets.xcassets */ = {isa = PBXFileReference; lastKnownFileType = folder.assetcatalog; path = Assets.xcassets; sourceTree = "<group>"; };
		36F6259425604F05007EFA32 /* Base */ = {isa = PBXFileReference; lastKnownFileType = file.storyboard; name = Base; path = Base.lproj/LaunchScreen.storyboard; sourceTree = "<group>"; };
		36F6259625604F05007EFA32 /* Info.plist */ = {isa = PBXFileReference; lastKnownFileType = text.plist.xml; path = Info.plist; sourceTree = "<group>"; };
/* End PBXFileReference section */

/* Begin PBXFrameworksBuildPhase section */
		36F6258225604F02007EFA32 /* Frameworks */ = {
			isa = PBXFrameworksBuildPhase;
			buildActionMask = 2147483647;
			files = (
			);
			runOnlyForDeploymentPostprocessing = 0;
		};
/* End PBXFrameworksBuildPhase section */

/* Begin PBXGroup section */
		3600DC132574249D007D374B /* AddNotification */ = {
			isa = PBXGroup;
			children = (
				36B49D3C25683E8B00AC6BC6 /* AddNotificationViewController.swift */,
				3644062E256FF4B200990D93 /* NotificationPresentationController.swift */,
				3644063125700EF600990D93 /* NotificationTransitioningDelegate.swift */,
				364406342570552500990D93 /* NotificationAnimatedTransitioning.swift */,
			);
			path = AddNotification;
			sourceTree = "<group>";
		};
		36A088B725617A3B00C8B3CA /* Models */ = {
			isa = PBXGroup;
			children = (
				36A088E825644E0600C8B3CA /* Cryptocurrency.swift */,
				36A088FC2564920300C8B3CA /* PreferenceTextBased.swift */,
				36A089022564946000C8B3CA /* PreferenceSwitchBased.swift */,
			);
			path = Models;
			sourceTree = "<group>";
		};
		36A088B825617A4900C8B3CA /* Views */ = {
			isa = PBXGroup;
			children = (
				36A0891A2565F61C00C8B3CA /* CollectionView */,
				36A089192565F60400C8B3CA /* TableView */,
				36A088DF25634B2300C8B3CA /* CustomUITabBarItem.swift */,
				361ED8A025758AA10064E7F9 /* CurrencyDisplaySelectionView.swift */,
				361ED8A3257593EE0064E7F9 /* CurrencyGraphSectionView.swift */,
				361ED8A925768EA70064E7F9 /* CurrencyDetailCollectionView.swift */,
				361ED8A62576789C0064E7F9 /* GraphTimelineSelectionButton.swift */,
			);
			path = Views;
			sourceTree = "<group>";
		};
		36A088B925617A5100C8B3CA /* Controllers */ = {
			isa = PBXGroup;
			children = (
				36A088D9256334DC00C8B3CA /* NavigationUITabBarViewController.swift */,
				36F6258C25604F02007EFA32 /* CryptocurrenciesViewController.swift */,
				36440637257135F700990D93 /* CryptocurrencyDetailViewController.swift */,
				36A088DC25633BD600C8B3CA /* WatchlistViewController.swift */,
				36A088E225643A9C00C8B3CA /* NotificationsViewController.swift */,
				3600DC132574249D007D374B /* AddNotification */,
				36A088E525644C6000C8B3CA /* ProfileViewController.swift */,
				36A0890625657D3600C8B3CA /* PreferenceSelectionViewController.swift */,
			);
			path = Controllers;
			sourceTree = "<group>";
		};
		36A088BE2561876B00C8B3CA /* CollectionViewCells */ = {
			isa = PBXGroup;
			children = (
				361ED8AC25769B2C0064E7F9 /* CurrencyDetailCollectionViewCell.swift */,
				36A088BF2561879500C8B3CA /* CryptocurrencyCollectionViewCell.swift */,
				36A088F42564898200C8B3CA /* PreferenceTextBasedCollectionViewCell.swift */,
				36A088FF2564938200C8B3CA /* PreferenceSwitchBasedCollectionViewCell.swift */,
				36A08909256585EF00C8B3CA /* PreferenceSelectionCollectionViewCell.swift */,
			);
			path = CollectionViewCells;
			sourceTree = "<group>";
		};
		36A088CF2561D88700C8B3CA /* Helpers */ = {
			isa = PBXGroup;
			children = (
				36A088D02561D89900C8B3CA /* Constants.swift */,
				36A088D52561E77300C8B3CA /* Extentions.swift */,
			);
			path = Helpers;
			sourceTree = "<group>";
		};
		36A088EB2564501500C8B3CA /* Managers */ = {
			isa = PBXGroup;
			children = (
				36A088EC2564502C00C8B3CA /* DataBaseManager.swift */,
			);
			path = Managers;
			sourceTree = "<group>";
		};
		36A089102565A83000C8B3CA /* TableViewCells */ = {
			isa = PBXGroup;
			children = (
				36A089112565A85B00C8B3CA /* NotificationTableViewCell.swift */,
				368E0C772566B181009DF52F /* NotificationTableViewBottomCell.swift */,
			);
			path = TableViewCells;
			sourceTree = "<group>";
		};
		36A089192565F60400C8B3CA /* TableView */ = {
			isa = PBXGroup;
			children = (
				36A089152565DF0A00C8B3CA /* NotificationTableViewHeaderView.swift */,
				36A089102565A83000C8B3CA /* TableViewCells */,
			);
			path = TableView;
			sourceTree = "<group>";
		};
		36A0891A2565F61C00C8B3CA /* CollectionView */ = {
			isa = PBXGroup;
			children = (
				36A088CB2561B14100C8B3CA /* CryptocurrenciesUICollectionView.swift */,
				36A088BE2561876B00C8B3CA /* CollectionViewCells */,
			);
			path = CollectionView;
			sourceTree = "<group>";
		};
		36F6257C25604F02007EFA32 = {
			isa = PBXGroup;
			children = (
				36F6258725604F02007EFA32 /* CryptoChecker */,
				36F6258625604F02007EFA32 /* Products */,
			);
			sourceTree = "<group>";
		};
		36F6258625604F02007EFA32 /* Products */ = {
			isa = PBXGroup;
			children = (
				36F6258525604F02007EFA32 /* CryptoChecker.app */,
			);
			name = Products;
			sourceTree = "<group>";
		};
		36F6258725604F02007EFA32 /* CryptoChecker */ = {
			isa = PBXGroup;
			children = (
				36A088EB2564501500C8B3CA /* Managers */,
				36A088CF2561D88700C8B3CA /* Helpers */,
				36A088B725617A3B00C8B3CA /* Models */,
				36A088B825617A4900C8B3CA /* Views */,
				36A088B925617A5100C8B3CA /* Controllers */,
				36F6258825604F02007EFA32 /* AppDelegate.swift */,
				36F6258A25604F02007EFA32 /* SceneDelegate.swift */,
				36F6259125604F05007EFA32 /* Assets.xcassets */,
				36F6259325604F05007EFA32 /* LaunchScreen.storyboard */,
				36F6259625604F05007EFA32 /* Info.plist */,
			);
			path = CryptoChecker;
			sourceTree = "<group>";
		};
/* End PBXGroup section */

/* Begin PBXNativeTarget section */
		36F6258425604F02007EFA32 /* CryptoChecker */ = {
			isa = PBXNativeTarget;
			buildConfigurationList = 36F6259925604F05007EFA32 /* Build configuration list for PBXNativeTarget "CryptoChecker" */;
			buildPhases = (
				36F6258125604F02007EFA32 /* Sources */,
				36F6258225604F02007EFA32 /* Frameworks */,
				36F6258325604F02007EFA32 /* Resources */,
			);
			buildRules = (
			);
			dependencies = (
			);
			name = CryptoChecker;
			productName = CryptoChecker;
			productReference = 36F6258525604F02007EFA32 /* CryptoChecker.app */;
			productType = "com.apple.product-type.application";
		};
/* End PBXNativeTarget section */

/* Begin PBXProject section */
		36F6257D25604F02007EFA32 /* Project object */ = {
			isa = PBXProject;
			attributes = {
				LastSwiftUpdateCheck = 1220;
				LastUpgradeCheck = 1220;
				TargetAttributes = {
					36F6258425604F02007EFA32 = {
						CreatedOnToolsVersion = 12.2;
					};
				};
			};
			buildConfigurationList = 36F6258025604F02007EFA32 /* Build configuration list for PBXProject "CryptoChecker" */;
			compatibilityVersion = "Xcode 9.3";
			developmentRegion = en;
			hasScannedForEncodings = 0;
			knownRegions = (
				en,
				Base,
			);
			mainGroup = 36F6257C25604F02007EFA32;
			productRefGroup = 36F6258625604F02007EFA32 /* Products */;
			projectDirPath = "";
			projectRoot = "";
			targets = (
				36F6258425604F02007EFA32 /* CryptoChecker */,
			);
		};
/* End PBXProject section */

/* Begin PBXResourcesBuildPhase section */
		36F6258325604F02007EFA32 /* Resources */ = {
			isa = PBXResourcesBuildPhase;
			buildActionMask = 2147483647;
			files = (
				36F6259525604F05007EFA32 /* LaunchScreen.storyboard in Resources */,
				36F6259225604F05007EFA32 /* Assets.xcassets in Resources */,
			);
			runOnlyForDeploymentPostprocessing = 0;
		};
/* End PBXResourcesBuildPhase section */

/* Begin PBXSourcesBuildPhase section */
		36F6258125604F02007EFA32 /* Sources */ = {
			isa = PBXSourcesBuildPhase;
			buildActionMask = 2147483647;
			files = (
				36A088CC2561B14100C8B3CA /* CryptocurrenciesUICollectionView.swift in Sources */,
				361ED8AD25769B2D0064E7F9 /* CurrencyDetailCollectionViewCell.swift in Sources */,
				36A0890725657D3800C8B3CA /* PreferenceSelectionViewController.swift in Sources */,
				36A088E025634B2300C8B3CA /* CustomUITabBarItem.swift in Sources */,
				36F6258D25604F02007EFA32 /* CryptocurrenciesViewController.swift in Sources */,
				36A089122565A85B00C8B3CA /* NotificationTableViewCell.swift in Sources */,
				36B49D3D25683E8B00AC6BC6 /* AddNotificationViewController.swift in Sources */,
				36A088DA256334DC00C8B3CA /* NavigationUITabBarViewController.swift in Sources */,
				36A089032564946000C8B3CA /* PreferenceSwitchBased.swift in Sources */,
				36A0890A256585EF00C8B3CA /* PreferenceSelectionCollectionViewCell.swift in Sources */,
				36A089162565DF0B00C8B3CA /* NotificationTableViewHeaderView.swift in Sources */,
				361ED8AA25768EA70064E7F9 /* CurrencyDetailCollectionView.swift in Sources */,
				36A088ED2564502C00C8B3CA /* DataBaseManager.swift in Sources */,
				36A088E925644E0700C8B3CA /* Cryptocurrency.swift in Sources */,
				3644062F256FF4B200990D93 /* NotificationPresentationController.swift in Sources */,
				36F6258925604F02007EFA32 /* AppDelegate.swift in Sources */,
				36A088D12561D89900C8B3CA /* Constants.swift in Sources */,
				36A088E625644C6000C8B3CA /* ProfileViewController.swift in Sources */,
				361ED8A72576789D0064E7F9 /* GraphTimelineSelectionButton.swift in Sources */,
				36A088C02561879500C8B3CA /* CryptocurrencyCollectionViewCell.swift in Sources */,
				36A089002564938200C8B3CA /* PreferenceSwitchBasedCollectionViewCell.swift in Sources */,
				36A088FD2564920300C8B3CA /* PreferenceTextBased.swift in Sources */,
				36A088DD25633BD600C8B3CA /* WatchlistViewController.swift in Sources */,
				36A088E325643A9C00C8B3CA /* NotificationsViewController.swift in Sources */,
				36440638257135F700990D93 /* CryptocurrencyDetailViewController.swift in Sources */,
				3644063225700EF600990D93 /* NotificationTransitioningDelegate.swift in Sources */,
				368E0C782566B182009DF52F /* NotificationTableViewBottomCell.swift in Sources */,
				361ED8A125758AA10064E7F9 /* CurrencyDisplaySelectionView.swift in Sources */,
				36F6258B25604F02007EFA32 /* SceneDelegate.swift in Sources */,
				36A088F52564898200C8B3CA /* PreferenceTextBasedCollectionViewCell.swift in Sources */,
				36A088D62561E77300C8B3CA /* Extentions.swift in Sources */,
				361ED8A4257593EE0064E7F9 /* CurrencyGraphSectionView.swift in Sources */,
				364406352570552500990D93 /* NotificationAnimatedTransitioning.swift in Sources */,
			);
			runOnlyForDeploymentPostprocessing = 0;
		};
/* End PBXSourcesBuildPhase section */

/* Begin PBXVariantGroup section */
		36F6259325604F05007EFA32 /* LaunchScreen.storyboard */ = {
			isa = PBXVariantGroup;
			children = (
				36F6259425604F05007EFA32 /* Base */,
			);
			name = LaunchScreen.storyboard;
			sourceTree = "<group>";
		};
/* End PBXVariantGroup section */

/* Begin XCBuildConfiguration section */
		36F6259725604F05007EFA32 /* Debug */ = {
			isa = XCBuildConfiguration;
			buildSettings = {
				ALWAYS_SEARCH_USER_PATHS = NO;
				CLANG_ANALYZER_NONNULL = YES;
				CLANG_ANALYZER_NUMBER_OBJECT_CONVERSION = YES_AGGRESSIVE;
				CLANG_CXX_LANGUAGE_STANDARD = "gnu++14";
				CLANG_CXX_LIBRARY = "libc++";
				CLANG_ENABLE_MODULES = YES;
				CLANG_ENABLE_OBJC_ARC = YES;
				CLANG_ENABLE_OBJC_WEAK = YES;
				CLANG_WARN_BLOCK_CAPTURE_AUTORELEASING = YES;
				CLANG_WARN_BOOL_CONVERSION = YES;
				CLANG_WARN_COMMA = YES;
				CLANG_WARN_CONSTANT_CONVERSION = YES;
				CLANG_WARN_DEPRECATED_OBJC_IMPLEMENTATIONS = YES;
				CLANG_WARN_DIRECT_OBJC_ISA_USAGE = YES_ERROR;
				CLANG_WARN_DOCUMENTATION_COMMENTS = YES;
				CLANG_WARN_EMPTY_BODY = YES;
				CLANG_WARN_ENUM_CONVERSION = YES;
				CLANG_WARN_INFINITE_RECURSION = YES;
				CLANG_WARN_INT_CONVERSION = YES;
				CLANG_WARN_NON_LITERAL_NULL_CONVERSION = YES;
				CLANG_WARN_OBJC_IMPLICIT_RETAIN_SELF = YES;
				CLANG_WARN_OBJC_LITERAL_CONVERSION = YES;
				CLANG_WARN_OBJC_ROOT_CLASS = YES_ERROR;
				CLANG_WARN_QUOTED_INCLUDE_IN_FRAMEWORK_HEADER = YES;
				CLANG_WARN_RANGE_LOOP_ANALYSIS = YES;
				CLANG_WARN_STRICT_PROTOTYPES = YES;
				CLANG_WARN_SUSPICIOUS_MOVE = YES;
				CLANG_WARN_UNGUARDED_AVAILABILITY = YES_AGGRESSIVE;
				CLANG_WARN_UNREACHABLE_CODE = YES;
				CLANG_WARN__DUPLICATE_METHOD_MATCH = YES;
				COPY_PHASE_STRIP = NO;
				DEBUG_INFORMATION_FORMAT = dwarf;
				ENABLE_STRICT_OBJC_MSGSEND = YES;
				ENABLE_TESTABILITY = YES;
				GCC_C_LANGUAGE_STANDARD = gnu11;
				GCC_DYNAMIC_NO_PIC = NO;
				GCC_NO_COMMON_BLOCKS = YES;
				GCC_OPTIMIZATION_LEVEL = 0;
				GCC_PREPROCESSOR_DEFINITIONS = (
					"DEBUG=1",
					"$(inherited)",
				);
				GCC_WARN_64_TO_32_BIT_CONVERSION = YES;
				GCC_WARN_ABOUT_RETURN_TYPE = YES_ERROR;
				GCC_WARN_UNDECLARED_SELECTOR = YES;
				GCC_WARN_UNINITIALIZED_AUTOS = YES_AGGRESSIVE;
				GCC_WARN_UNUSED_FUNCTION = YES;
				GCC_WARN_UNUSED_VARIABLE = YES;
				IPHONEOS_DEPLOYMENT_TARGET = 14.2;
				MTL_ENABLE_DEBUG_INFO = INCLUDE_SOURCE;
				MTL_FAST_MATH = YES;
				ONLY_ACTIVE_ARCH = YES;
				SDKROOT = iphoneos;
				SWIFT_ACTIVE_COMPILATION_CONDITIONS = DEBUG;
				SWIFT_OPTIMIZATION_LEVEL = "-Onone";
			};
			name = Debug;
		};
		36F6259825604F05007EFA32 /* Release */ = {
			isa = XCBuildConfiguration;
			buildSettings = {
				ALWAYS_SEARCH_USER_PATHS = NO;
				CLANG_ANALYZER_NONNULL = YES;
				CLANG_ANALYZER_NUMBER_OBJECT_CONVERSION = YES_AGGRESSIVE;
				CLANG_CXX_LANGUAGE_STANDARD = "gnu++14";
				CLANG_CXX_LIBRARY = "libc++";
				CLANG_ENABLE_MODULES = YES;
				CLANG_ENABLE_OBJC_ARC = YES;
				CLANG_ENABLE_OBJC_WEAK = YES;
				CLANG_WARN_BLOCK_CAPTURE_AUTORELEASING = YES;
				CLANG_WARN_BOOL_CONVERSION = YES;
				CLANG_WARN_COMMA = YES;
				CLANG_WARN_CONSTANT_CONVERSION = YES;
				CLANG_WARN_DEPRECATED_OBJC_IMPLEMENTATIONS = YES;
				CLANG_WARN_DIRECT_OBJC_ISA_USAGE = YES_ERROR;
				CLANG_WARN_DOCUMENTATION_COMMENTS = YES;
				CLANG_WARN_EMPTY_BODY = YES;
				CLANG_WARN_ENUM_CONVERSION = YES;
				CLANG_WARN_INFINITE_RECURSION = YES;
				CLANG_WARN_INT_CONVERSION = YES;
				CLANG_WARN_NON_LITERAL_NULL_CONVERSION = YES;
				CLANG_WARN_OBJC_IMPLICIT_RETAIN_SELF = YES;
				CLANG_WARN_OBJC_LITERAL_CONVERSION = YES;
				CLANG_WARN_OBJC_ROOT_CLASS = YES_ERROR;
				CLANG_WARN_QUOTED_INCLUDE_IN_FRAMEWORK_HEADER = YES;
				CLANG_WARN_RANGE_LOOP_ANALYSIS = YES;
				CLANG_WARN_STRICT_PROTOTYPES = YES;
				CLANG_WARN_SUSPICIOUS_MOVE = YES;
				CLANG_WARN_UNGUARDED_AVAILABILITY = YES_AGGRESSIVE;
				CLANG_WARN_UNREACHABLE_CODE = YES;
				CLANG_WARN__DUPLICATE_METHOD_MATCH = YES;
				COPY_PHASE_STRIP = NO;
				DEBUG_INFORMATION_FORMAT = "dwarf-with-dsym";
				ENABLE_NS_ASSERTIONS = NO;
				ENABLE_STRICT_OBJC_MSGSEND = YES;
				GCC_C_LANGUAGE_STANDARD = gnu11;
				GCC_NO_COMMON_BLOCKS = YES;
				GCC_WARN_64_TO_32_BIT_CONVERSION = YES;
				GCC_WARN_ABOUT_RETURN_TYPE = YES_ERROR;
				GCC_WARN_UNDECLARED_SELECTOR = YES;
				GCC_WARN_UNINITIALIZED_AUTOS = YES_AGGRESSIVE;
				GCC_WARN_UNUSED_FUNCTION = YES;
				GCC_WARN_UNUSED_VARIABLE = YES;
				IPHONEOS_DEPLOYMENT_TARGET = 14.2;
				MTL_ENABLE_DEBUG_INFO = NO;
				MTL_FAST_MATH = YES;
				SDKROOT = iphoneos;
				SWIFT_COMPILATION_MODE = wholemodule;
				SWIFT_OPTIMIZATION_LEVEL = "-O";
				VALIDATE_PRODUCT = YES;
			};
			name = Release;
		};
		36F6259A25604F05007EFA32 /* Debug */ = {
			isa = XCBuildConfiguration;
			buildSettings = {
				ASSETCATALOG_COMPILER_APPICON_NAME = AppIcon;
				ASSETCATALOG_COMPILER_GLOBAL_ACCENT_COLOR_NAME = AccentColor;
				CODE_SIGN_STYLE = Automatic;
				DEVELOPMENT_TEAM = 9MJ38633DC;
				INFOPLIST_FILE = CryptoChecker/Info.plist;
				IPHONEOS_DEPLOYMENT_TARGET = 14.1;
				LD_RUNPATH_SEARCH_PATHS = (
					"$(inherited)",
					"@executable_path/Frameworks",
				);
				PRODUCT_BUNDLE_IDENTIFIER = project.CryptoChecker;
				PRODUCT_NAME = "$(TARGET_NAME)";
				SWIFT_VERSION = 5.0;
				TARGETED_DEVICE_FAMILY = "1,2";
			};
			name = Debug;
		};
		36F6259B25604F05007EFA32 /* Release */ = {
			isa = XCBuildConfiguration;
			buildSettings = {
				ASSETCATALOG_COMPILER_APPICON_NAME = AppIcon;
				ASSETCATALOG_COMPILER_GLOBAL_ACCENT_COLOR_NAME = AccentColor;
				CODE_SIGN_STYLE = Automatic;
				DEVELOPMENT_TEAM = 9MJ38633DC;
				INFOPLIST_FILE = CryptoChecker/Info.plist;
				IPHONEOS_DEPLOYMENT_TARGET = 14.1;
				LD_RUNPATH_SEARCH_PATHS = (
					"$(inherited)",
					"@executable_path/Frameworks",
				);
				PRODUCT_BUNDLE_IDENTIFIER = project.CryptoChecker;
				PRODUCT_NAME = "$(TARGET_NAME)";
				SWIFT_VERSION = 5.0;
				TARGETED_DEVICE_FAMILY = "1,2";
			};
			name = Release;
		};
/* End XCBuildConfiguration section */

/* Begin XCConfigurationList section */
		36F6258025604F02007EFA32 /* Build configuration list for PBXProject "CryptoChecker" */ = {
			isa = XCConfigurationList;
			buildConfigurations = (
				36F6259725604F05007EFA32 /* Debug */,
				36F6259825604F05007EFA32 /* Release */,
			);
			defaultConfigurationIsVisible = 0;
			defaultConfigurationName = Release;
		};
		36F6259925604F05007EFA32 /* Build configuration list for PBXNativeTarget "CryptoChecker" */ = {
			isa = XCConfigurationList;
			buildConfigurations = (
				36F6259A25604F05007EFA32 /* Debug */,
				36F6259B25604F05007EFA32 /* Release */,
			);
			defaultConfigurationIsVisible = 0;
			defaultConfigurationName = Release;
		};
/* End XCConfigurationList section */
	};
	rootObject = 36F6257D25604F02007EFA32 /* Project object */;
}
